
Microsoft Visual Studio Solution File, Format Version 12.00
# Visual Studio 15
VisualStudioVersion = 15.0.27130.2036
MinimumVisualStudioVersion = 10.0.40219.1
Project("{FAE04EC0-301F-11D3-BF4B-00C04F79EFBC}") = "GereClientes", "GereClientes\GereClientes.csproj", "{F988FD5C-E393-44FB-AE03-99A93C98C52E}"
EndProject
Global
	GlobalSection(SolutionConfigurationPlatforms) = preSolution
		Debug|Any CPU = Debug|Any CPU
		Release|Any CPU = Release|Any CPU
	EndGlobalSection
	GlobalSection(ProjectConfigurationPlatforms) = postSolution
		{F988FD5C-E393-44FB-AE03-99A93C98C52E}.Debug|Any CPU.ActiveCfg = Debug|Any CPU
		{F988FD5C-E393-44FB-AE03-99A93C98C52E}.Debug|Any CPU.Build.0 = Debug|Any CPU
		{F988FD5C-E393-44FB-AE03-99A93C98C52E}.Release|Any CPU.ActiveCfg = Release|Any CPU
		{F988FD5C-E393-44FB-AE03-99A93C98C52E}.Release|Any CPU.Build.0 = Release|Any CPU
	EndGlobalSection
	GlobalSection(SolutionProperties) = preSolution
		HideSolutionNode = FALSE
	EndGlobalSection
	GlobalSection(ExtensibilityGlobals) = postSolution
		SolutionGuid = {F3DC7E72-B261-4D3F-93CB-BB9CA2BFE280}
	EndGlobalSection
EndGlobal
