
Microsoft Visual Studio Solution File, Format Version 12.00
# Visual Studio 15
VisualStudioVersion = 15.0.27130.2036
MinimumVisualStudioVersion = 10.0.40219.1
Project("{FAE04EC0-301F-11D3-BF4B-00C04F79EFBC}") = "Balburdia", "Balburdia\Balburdia.csproj", "{991F9795-A781-4CF1-8FC9-58C0BB621E9D}"
EndProject
Global
	GlobalSection(SolutionConfigurationPlatforms) = preSolution
		Debug|Any CPU = Debug|Any CPU
		Release|Any CPU = Release|Any CPU
	EndGlobalSection
	GlobalSection(ProjectConfigurationPlatforms) = postSolution
		{991F9795-A781-4CF1-8FC9-58C0BB621E9D}.Debug|Any CPU.ActiveCfg = Debug|Any CPU
		{991F9795-A781-4CF1-8FC9-58C0BB621E9D}.Debug|Any CPU.Build.0 = Debug|Any CPU
		{991F9795-A781-4CF1-8FC9-58C0BB621E9D}.Release|Any CPU.ActiveCfg = Release|Any CPU
		{991F9795-A781-4CF1-8FC9-58C0BB621E9D}.Release|Any CPU.Build.0 = Release|Any CPU
	EndGlobalSection
	GlobalSection(SolutionProperties) = preSolution
		HideSolutionNode = FALSE
	EndGlobalSection
	GlobalSection(ExtensibilityGlobals) = postSolution
		SolutionGuid = {B82766E5-2A00-4D0B-B8BF-2C0152F9ABC5}
	EndGlobalSection
EndGlobal
